// !$*UTF8*$!
{
	archiveVersion = 1;
	classes = {
	};
	objectVersion = 56;
	objects = {

/* Begin PBXBuildFile section */
		82494BCF2A9C6BB300EF6602 /* DictionaryAppApp.swift in Sources */ = {isa = PBXBuildFile; fileRef = 82494BCE2A9C6BB300EF6602 /* DictionaryAppApp.swift */; };
		82494BD12A9C6BB300EF6602 /* ContentView.swift in Sources */ = {isa = PBXBuildFile; fileRef = 82494BD02A9C6BB300EF6602 /* ContentView.swift */; };
		82494BD32A9C6BB500EF6602 /* Assets.xcassets in Resources */ = {isa = PBXBuildFile; fileRef = 82494BD22A9C6BB500EF6602 /* Assets.xcassets */; };
		82494BD62A9C6BB500EF6602 /* Preview Assets.xcassets in Resources */ = {isa = PBXBuildFile; fileRef = 82494BD52A9C6BB500EF6602 /* Preview Assets.xcassets */; };
		82494BE02A9C6BB600EF6602 /* DictionaryAppTests.swift in Sources */ = {isa = PBXBuildFile; fileRef = 82494BDF2A9C6BB600EF6602 /* DictionaryAppTests.swift */; };
		82494BEA2A9C6BB600EF6602 /* DictionaryAppUITests.swift in Sources */ = {isa = PBXBuildFile; fileRef = 82494BE92A9C6BB600EF6602 /* DictionaryAppUITests.swift */; };
		82494BEC2A9C6BB600EF6602 /* DictionaryAppUITestsLaunchTests.swift in Sources */ = {isa = PBXBuildFile; fileRef = 82494BEB2A9C6BB600EF6602 /* DictionaryAppUITestsLaunchTests.swift */; };
/* End PBXBuildFile section */

/* Begin PBXContainerItemProxy section */
		82494BDC2A9C6BB600EF6602 /* PBXContainerItemProxy */ = {
			isa = PBXContainerItemProxy;
			containerPortal = 82494BC32A9C6BB300EF6602 /* Project object */;
			proxyType = 1;
			remoteGlobalIDString = 82494BCA2A9C6BB300EF6602;
			remoteInfo = DictionaryApp;
		};
		82494BE62A9C6BB600EF6602 /* PBXContainerItemProxy */ = {
			isa = PBXContainerItemProxy;
			containerPortal = 82494BC32A9C6BB300EF6602 /* Project object */;
			proxyType = 1;
			remoteGlobalIDString = 82494BCA2A9C6BB300EF6602;
			remoteInfo = DictionaryApp;
		};
/* End PBXContainerItemProxy section */

/* Begin PBXFileReference section */
		82494BCB2A9C6BB300EF6602 /* DictionaryApp.app */ = {isa = PBXFileReference; explicitFileType = wrapper.application; includeInIndex = 0; path = DictionaryApp.app; sourceTree = BUILT_PRODUCTS_DIR; };
		82494BCE2A9C6BB300EF6602 /* DictionaryAppApp.swift */ = {isa = PBXFileReference; lastKnownFileType = sourcecode.swift; path = DictionaryAppApp.swift; sourceTree = "<group>"; };
		82494BD02A9C6BB300EF6602 /* ContentView.swift */ = {isa = PBXFileReference; lastKnownFileType = sourcecode.swift; path = ContentView.swift; sourceTree = "<group>"; };
		82494BD22A9C6BB500EF6602 /* Assets.xcassets */ = {isa = PBXFileReference; lastKnownFileType = folder.assetcatalog; path = Assets.xcassets; sourceTree = "<group>"; };
		82494BD52A9C6BB500EF6602 /* Preview Assets.xcassets */ = {isa = PBXFileReference; lastKnownFileType = folder.assetcatalog; path = "Preview Assets.xcassets"; sourceTree = "<group>"; };
		82494BDB2A9C6BB600EF6602 /* DictionaryAppTests.xctest */ = {isa = PBXFileReference; explicitFileType = wrapper.cfbundle; includeInIndex = 0; path = DictionaryAppTests.xctest; sourceTree = BUILT_PRODUCTS_DIR; };
		82494BDF2A9C6BB600EF6602 /* DictionaryAppTests.swift */ = {isa = PBXFileReference; lastKnownFileType = sourcecode.swift; path = DictionaryAppTests.swift; sourceTree = "<group>"; };
		82494BE52A9C6BB600EF6602 /* DictionaryAppUITests.xctest */ = {isa = PBXFileReference; explicitFileType = wrapper.cfbundle; includeInIndex = 0; path = DictionaryAppUITests.xctest; sourceTree = BUILT_PRODUCTS_DIR; };
		82494BE92A9C6BB600EF6602 /* DictionaryAppUITests.swift */ = {isa = PBXFileReference; lastKnownFileType = sourcecode.swift; path = DictionaryAppUITests.swift; sourceTree = "<group>"; };
		82494BEB2A9C6BB600EF6602 /* DictionaryAppUITestsLaunchTests.swift */ = {isa = PBXFileReference; lastKnownFileType = sourcecode.swift; path = DictionaryAppUITestsLaunchTests.swift; sourceTree = "<group>"; };
/* End PBXFileReference section */

/* Begin PBXFrameworksBuildPhase section */
		82494BC82A9C6BB300EF6602 /* Frameworks */ = {
			isa = PBXFrameworksBuildPhase;
			buildActionMask = 2147483647;
			files = (
			);
			runOnlyForDeploymentPostprocessing = 0;
		};
		82494BD82A9C6BB600EF6602 /* Frameworks */ = {
			isa = PBXFrameworksBuildPhase;
			buildActionMask = 2147483647;
			files = (
			);
			runOnlyForDeploymentPostprocessing = 0;
		};
		82494BE22A9C6BB600EF6602 /* Frameworks */ = {
			isa = PBXFrameworksBuildPhase;
			buildActionMask = 2147483647;
			files = (
			);
			runOnlyForDeploymentPostprocessing = 0;
		};
/* End PBXFrameworksBuildPhase section */

/* Begin PBXGroup section */
		82494BC22A9C6BB300EF6602 = {
			isa = PBXGroup;
			children = (
				82494BCD2A9C6BB300EF6602 /* DictionaryApp */,
				82494BDE2A9C6BB600EF6602 /* DictionaryAppTests */,
				82494BE82A9C6BB600EF6602 /* DictionaryAppUITests */,
				82494BCC2A9C6BB300EF6602 /* Products */,
			);
			sourceTree = "<group>";
		};
		82494BCC2A9C6BB300EF6602 /* Products */ = {
			isa = PBXGroup;
			children = (
				82494BCB2A9C6BB300EF6602 /* DictionaryApp.app */,
				82494BDB2A9C6BB600EF6602 /* DictionaryAppTests.xctest */,
				82494BE52A9C6BB600EF6602 /* DictionaryAppUITests.xctest */,
			);
			name = Products;
			sourceTree = "<group>";
		};
		82494BCD2A9C6BB300EF6602 /* DictionaryApp */ = {
			isa = PBXGroup;
			children = (
				82494BCE2A9C6BB300EF6602 /* DictionaryAppApp.swift */,
				82494BD02A9C6BB300EF6602 /* ContentView.swift */,
				82494BD22A9C6BB500EF6602 /* Assets.xcassets */,
				82494BD42A9C6BB500EF6602 /* Preview Content */,
			);
			path = DictionaryApp;
			sourceTree = "<group>";
		};
		82494BD42A9C6BB500EF6602 /* Preview Content */ = {
			isa = PBXGroup;
			children = (
				82494BD52A9C6BB500EF6602 /* Preview Assets.xcassets */,
			);
			path = "Preview Content";
			sourceTree = "<group>";
		};
		82494BDE2A9C6BB600EF6602 /* DictionaryAppTests */ = {
			isa = PBXGroup;
			children = (
				82494BDF2A9C6BB600EF6602 /* DictionaryAppTests.swift */,
			);
			path = DictionaryAppTests;
			sourceTree = "<group>";
		};
		82494BE82A9C6BB600EF6602 /* DictionaryAppUITests */ = {
			isa = PBXGroup;
			children = (
				82494BE92A9C6BB600EF6602 /* DictionaryAppUITests.swift */,
				82494BEB2A9C6BB600EF6602 /* DictionaryAppUITestsLaunchTests.swift */,
			);
			path = DictionaryAppUITests;
			sourceTree = "<group>";
		};
/* End PBXGroup section */

/* Begin PBXNativeTarget section */
		82494BCA2A9C6BB300EF6602 /* DictionaryApp */ = {
			isa = PBXNativeTarget;
			buildConfigurationList = 82494BEF2A9C6BB600EF6602 /* Build configuration list for PBXNativeTarget "DictionaryApp" */;
			buildPhases = (
				82494BC72A9C6BB300EF6602 /* Sources */,
				82494BC82A9C6BB300EF6602 /* Frameworks */,
				82494BC92A9C6BB300EF6602 /* Resources */,
			);
			buildRules = (
			);
			dependencies = (
			);
			name = DictionaryApp;
			productName = DictionaryApp;
			productReference = 82494BCB2A9C6BB300EF6602 /* DictionaryApp.app */;
			productType = "com.apple.product-type.application";
		};
		82494BDA2A9C6BB600EF6602 /* DictionaryAppTests */ = {
			isa = PBXNativeTarget;
			buildConfigurationList = 82494BF22A9C6BB600EF6602 /* Build configuration list for PBXNativeTarget "DictionaryAppTests" */;
			buildPhases = (
				82494BD72A9C6BB600EF6602 /* Sources */,
				82494BD82A9C6BB600EF6602 /* Frameworks */,
				82494BD92A9C6BB600EF6602 /* Resources */,
			);
			buildRules = (
			);
			dependencies = (
				82494BDD2A9C6BB600EF6602 /* PBXTargetDependency */,
			);
			name = DictionaryAppTests;
			productName = DictionaryAppTests;
			productReference = 82494BDB2A9C6BB600EF6602 /* DictionaryAppTests.xctest */;
			productType = "com.apple.product-type.bundle.unit-test";
		};
		82494BE42A9C6BB600EF6602 /* DictionaryAppUITests */ = {
			isa = PBXNativeTarget;
			buildConfigurationList = 82494BF52A9C6BB600EF6602 /* Build configuration list for PBXNativeTarget "DictionaryAppUITests" */;
			buildPhases = (
				82494BE12A9C6BB600EF6602 /* Sources */,
				82494BE22A9C6BB600EF6602 /* Frameworks */,
				82494BE32A9C6BB600EF6602 /* Resources */,
			);
			buildRules = (
			);
			dependencies = (
				82494BE72A9C6BB600EF6602 /* PBXTargetDependency */,
			);
			name = DictionaryAppUITests;
			productName = DictionaryAppUITests;
			productReference = 82494BE52A9C6BB600EF6602 /* DictionaryAppUITests.xctest */;
			productType = "com.apple.product-type.bundle.ui-testing";
		};
/* End PBXNativeTarget section */

/* Begin PBXProject section */
		82494BC32A9C6BB300EF6602 /* Project object */ = {
			isa = PBXProject;
			attributes = {
				BuildIndependentTargetsInParallel = 1;
				LastSwiftUpdateCheck = 1430;
				LastUpgradeCheck = 1430;
				TargetAttributes = {
					82494BCA2A9C6BB300EF6602 = {
						CreatedOnToolsVersion = 14.3.1;
					};
					82494BDA2A9C6BB600EF6602 = {
						CreatedOnToolsVersion = 14.3.1;
						TestTargetID = 82494BCA2A9C6BB300EF6602;
					};
					82494BE42A9C6BB600EF6602 = {
						CreatedOnToolsVersion = 14.3.1;
						TestTargetID = 82494BCA2A9C6BB300EF6602;
					};
				};
			};
			buildConfigurationList = 82494BC62A9C6BB300EF6602 /* Build configuration list for PBXProject "DictionaryApp" */;
			compatibilityVersion = "Xcode 14.0";
			developmentRegion = en;
			hasScannedForEncodings = 0;
			knownRegions = (
				en,
				Base,
			);
			mainGroup = 82494BC22A9C6BB300EF6602;
			productRefGroup = 82494BCC2A9C6BB300EF6602 /* Products */;
			projectDirPath = "";
			projectRoot = "";
			targets = (
				82494BCA2A9C6BB300EF6602 /* DictionaryApp */,
				82494BDA2A9C6BB600EF6602 /* DictionaryAppTests */,
				82494BE42A9C6BB600EF6602 /* DictionaryAppUITests */,
			);
		};
/* End PBXProject section */

/* Begin PBXResourcesBuildPhase section */
		82494BC92A9C6BB300EF6602 /* Resources */ = {
			isa = PBXResourcesBuildPhase;
			buildActionMask = 2147483647;
			files = (
				82494BD62A9C6BB500EF6602 /* Preview Assets.xcassets in Resources */,
				82494BD32A9C6BB500EF6602 /* Assets.xcassets in Resources */,
			);
			runOnlyForDeploymentPostprocessing = 0;
		};
		82494BD92A9C6BB600EF6602 /* Resources */ = {
			isa = PBXResourcesBuildPhase;
			buildActionMask = 2147483647;
			files = (
			);
			runOnlyForDeploymentPostprocessing = 0;
		};
		82494BE32A9C6BB600EF6602 /* Resources */ = {
			isa = PBXResourcesBuildPhase;
			buildActionMask = 2147483647;
			files = (
			);
			runOnlyForDeploymentPostprocessing = 0;
		};
/* End PBXResourcesBuildPhase section */

/* Begin PBXSourcesBuildPhase section */
		82494BC72A9C6BB300EF6602 /* Sources */ = {
			isa = PBXSourcesBuildPhase;
			buildActionMask = 2147483647;
			files = (
				82494BD12A9C6BB300EF6602 /* ContentView.swift in Sources */,
				82494BCF2A9C6BB300EF6602 /* DictionaryAppApp.swift in Sources */,
			);
			runOnlyForDeploymentPostprocessing = 0;
		};
		82494BD72A9C6BB600EF6602 /* Sources */ = {
			isa = PBXSourcesBuildPhase;
			buildActionMask = 2147483647;
			files = (
				82494BE02A9C6BB600EF6602 /* DictionaryAppTests.swift in Sources */,
			);
			runOnlyForDeploymentPostprocessing = 0;
		};
		82494BE12A9C6BB600EF6602 /* Sources */ = {
			isa = PBXSourcesBuildPhase;
			buildActionMask = 2147483647;
			files = (
				82494BEC2A9C6BB600EF6602 /* DictionaryAppUITestsLaunchTests.swift in Sources */,
				82494BEA2A9C6BB600EF6602 /* DictionaryAppUITests.swift in Sources */,
			);
			runOnlyForDeploymentPostprocessing = 0;
		};
/* End PBXSourcesBuildPhase section */

/* Begin PBXTargetDependency section */
		82494BDD2A9C6BB600EF6602 /* PBXTargetDependency */ = {
			isa = PBXTargetDependency;
			target = 82494BCA2A9C6BB300EF6602 /* DictionaryApp */;
			targetProxy = 82494BDC2A9C6BB600EF6602 /* PBXContainerItemProxy */;
		};
		82494BE72A9C6BB600EF6602 /* PBXTargetDependency */ = {
			isa = PBXTargetDependency;
			target = 82494BCA2A9C6BB300EF6602 /* DictionaryApp */;
			targetProxy = 82494BE62A9C6BB600EF6602 /* PBXContainerItemProxy */;
		};
/* End PBXTargetDependency section */

/* Begin XCBuildConfiguration section */
		82494BED2A9C6BB600EF6602 /* Debug */ = {
			isa = XCBuildConfiguration;
			buildSettings = {
				ALWAYS_SEARCH_USER_PATHS = NO;
				CLANG_ANALYZER_NONNULL = YES;
				CLANG_ANALYZER_NUMBER_OBJECT_CONVERSION = YES_AGGRESSIVE;
				CLANG_CXX_LANGUAGE_STANDARD = "gnu++20";
				CLANG_ENABLE_MODULES = YES;
				CLANG_ENABLE_OBJC_ARC = YES;
				CLANG_ENABLE_OBJC_WEAK = YES;
				CLANG_WARN_BLOCK_CAPTURE_AUTORELEASING = YES;
				CLANG_WARN_BOOL_CONVERSION = YES;
				CLANG_WARN_COMMA = YES;
				CLANG_WARN_CONSTANT_CONVERSION = YES;
				CLANG_WARN_DEPRECATED_OBJC_IMPLEMENTATIONS = YES;
				CLANG_WARN_DIRECT_OBJC_ISA_USAGE = YES_ERROR;
				CLANG_WARN_DOCUMENTATION_COMMENTS = YES;
				CLANG_WARN_EMPTY_BODY = YES;
				CLANG_WARN_ENUM_CONVERSION = YES;
				CLANG_WARN_INFINITE_RECURSION = YES;
				CLANG_WARN_INT_CONVERSION = YES;
				CLANG_WARN_NON_LITERAL_NULL_CONVERSION = YES;
				CLANG_WARN_OBJC_IMPLICIT_RETAIN_SELF = YES;
				CLANG_WARN_OBJC_LITERAL_CONVERSION = YES;
				CLANG_WARN_OBJC_ROOT_CLASS = YES_ERROR;
				CLANG_WARN_QUOTED_INCLUDE_IN_FRAMEWORK_HEADER = YES;
				CLANG_WARN_RANGE_LOOP_ANALYSIS = YES;
				CLANG_WARN_STRICT_PROTOTYPES = YES;
				CLANG_WARN_SUSPICIOUS_MOVE = YES;
				CLANG_WARN_UNGUARDED_AVAILABILITY = YES_AGGRESSIVE;
				CLANG_WARN_UNREACHABLE_CODE = YES;
				CLANG_WARN__DUPLICATE_METHOD_MATCH = YES;
				COPY_PHASE_STRIP = NO;
				DEBUG_INFORMATION_FORMAT = dwarf;
				ENABLE_STRICT_OBJC_MSGSEND = YES;
				ENABLE_TESTABILITY = YES;
				GCC_C_LANGUAGE_STANDARD = gnu11;
				GCC_DYNAMIC_NO_PIC = NO;
				GCC_NO_COMMON_BLOCKS = YES;
				GCC_OPTIMIZATION_LEVEL = 0;
				GCC_PREPROCESSOR_DEFINITIONS = (
					"DEBUG=1",
					"$(inherited)",
				);
				GCC_WARN_64_TO_32_BIT_CONVERSION = YES;
				GCC_WARN_ABOUT_RETURN_TYPE = YES_ERROR;
				GCC_WARN_UNDECLARED_SELECTOR = YES;
				GCC_WARN_UNINITIALIZED_AUTOS = YES_AGGRESSIVE;
				GCC_WARN_UNUSED_FUNCTION = YES;
				GCC_WARN_UNUSED_VARIABLE = YES;
				IPHONEOS_DEPLOYMENT_TARGET = 16.4;
				MTL_ENABLE_DEBUG_INFO = INCLUDE_SOURCE;
				MTL_FAST_MATH = YES;
				ONLY_ACTIVE_ARCH = YES;
				SDKROOT = iphoneos;
				SWIFT_ACTIVE_COMPILATION_CONDITIONS = DEBUG;
				SWIFT_OPTIMIZATION_LEVEL = "-Onone";
			};
			name = Debug;
		};
		82494BEE2A9C6BB600EF6602 /* Release */ = {
			isa = XCBuildConfiguration;
			buildSettings = {
				ALWAYS_SEARCH_USER_PATHS = NO;
				CLANG_ANALYZER_NONNULL = YES;
				CLANG_ANALYZER_NUMBER_OBJECT_CONVERSION = YES_AGGRESSIVE;
				CLANG_CXX_LANGUAGE_STANDARD = "gnu++20";
				CLANG_ENABLE_MODULES = YES;
				CLANG_ENABLE_OBJC_ARC = YES;
				CLANG_ENABLE_OBJC_WEAK = YES;
				CLANG_WARN_BLOCK_CAPTURE_AUTORELEASING = YES;
				CLANG_WARN_BOOL_CONVERSION = YES;
				CLANG_WARN_COMMA = YES;
				CLANG_WARN_CONSTANT_CONVERSION = YES;
				CLANG_WARN_DEPRECATED_OBJC_IMPLEMENTATIONS = YES;
				CLANG_WARN_DIRECT_OBJC_ISA_USAGE = YES_ERROR;
				CLANG_WARN_DOCUMENTATION_COMMENTS = YES;
				CLANG_WARN_EMPTY_BODY = YES;
				CLANG_WARN_ENUM_CONVERSION = YES;
				CLANG_WARN_INFINITE_RECURSION = YES;
				CLANG_WARN_INT_CONVERSION = YES;
				CLANG_WARN_NON_LITERAL_NULL_CONVERSION = YES;
				CLANG_WARN_OBJC_IMPLICIT_RETAIN_SELF = YES;
				CLANG_WARN_OBJC_LITERAL_CONVERSION = YES;
				CLANG_WARN_OBJC_ROOT_CLASS = YES_ERROR;
				CLANG_WARN_QUOTED_INCLUDE_IN_FRAMEWORK_HEADER = YES;
				CLANG_WARN_RANGE_LOOP_ANALYSIS = YES;
				CLANG_WARN_STRICT_PROTOTYPES = YES;
				CLANG_WARN_SUSPICIOUS_MOVE = YES;
				CLANG_WARN_UNGUARDED_AVAILABILITY = YES_AGGRESSIVE;
				CLANG_WARN_UNREACHABLE_CODE = YES;
				CLANG_WARN__DUPLICATE_METHOD_MATCH = YES;
				COPY_PHASE_STRIP = NO;
				DEBUG_INFORMATION_FORMAT = "dwarf-with-dsym";
				ENABLE_NS_ASSERTIONS = NO;
				ENABLE_STRICT_OBJC_MSGSEND = YES;
				GCC_C_LANGUAGE_STANDARD = gnu11;
				GCC_NO_COMMON_BLOCKS = YES;
				GCC_WARN_64_TO_32_BIT_CONVERSION = YES;
				GCC_WARN_ABOUT_RETURN_TYPE = YES_ERROR;
				GCC_WARN_UNDECLARED_SELECTOR = YES;
				GCC_WARN_UNINITIALIZED_AUTOS = YES_AGGRESSIVE;
				GCC_WARN_UNUSED_FUNCTION = YES;
				GCC_WARN_UNUSED_VARIABLE = YES;
				IPHONEOS_DEPLOYMENT_TARGET = 16.4;
				MTL_ENABLE_DEBUG_INFO = NO;
				MTL_FAST_MATH = YES;
				SDKROOT = iphoneos;
				SWIFT_COMPILATION_MODE = wholemodule;
				SWIFT_OPTIMIZATION_LEVEL = "-O";
				VALIDATE_PRODUCT = YES;
			};
			name = Release;
		};
		82494BF02A9C6BB600EF6602 /* Debug */ = {
			isa = XCBuildConfiguration;
			buildSettings = {
				ASSETCATALOG_COMPILER_APPICON_NAME = AppIcon;
				ASSETCATALOG_COMPILER_GLOBAL_ACCENT_COLOR_NAME = AccentColor;
				CODE_SIGN_STYLE = Automatic;
				CURRENT_PROJECT_VERSION = 1;
				DEVELOPMENT_ASSET_PATHS = "\"DictionaryApp/Preview Content\"";
				ENABLE_PREVIEWS = YES;
				GENERATE_INFOPLIST_FILE = YES;
				INFOPLIST_KEY_UIApplicationSceneManifest_Generation = YES;
				INFOPLIST_KEY_UIApplicationSupportsIndirectInputEvents = YES;
				INFOPLIST_KEY_UILaunchScreen_Generation = YES;
				INFOPLIST_KEY_UISupportedInterfaceOrientations_iPad = "UIInterfaceOrientationPortrait UIInterfaceOrientationPortraitUpsideDown UIInterfaceOrientationLandscapeLeft UIInterfaceOrientationLandscapeRight";
				INFOPLIST_KEY_UISupportedInterfaceOrientations_iPhone = "UIInterfaceOrientationPortrait UIInterfaceOrientationLandscapeLeft UIInterfaceOrientationLandscapeRight";
				LD_RUNPATH_SEARCH_PATHS = (
					"$(inherited)",
					"@executable_path/Frameworks",
				);
				MARKETING_VERSION = 1.0;
				PRODUCT_BUNDLE_IDENTIFIER = DUC.DictionaryApp;
				PRODUCT_NAME = "$(TARGET_NAME)";
				SWIFT_EMIT_LOC_STRINGS = YES;
				SWIFT_VERSION = 5.0;
				TARGETED_DEVICE_FAMILY = "1,2";
			};
			name = Debug;
		};
		82494BF12A9C6BB600EF6602 /* Release */ = {
			isa = XCBuildConfiguration;
			buildSettings = {
				ASSETCATALOG_COMPILER_APPICON_NAME = AppIcon;
				ASSETCATALOG_COMPILER_GLOBAL_ACCENT_COLOR_NAME = AccentColor;
				CODE_SIGN_STYLE = Automatic;
				CURRENT_PROJECT_VERSION = 1;
				DEVELOPMENT_ASSET_PATHS = "\"DictionaryApp/Preview Content\"";
				ENABLE_PREVIEWS = YES;
				GENERATE_INFOPLIST_FILE = YES;
				INFOPLIST_KEY_UIApplicationSceneManifest_Generation = YES;
				INFOPLIST_KEY_UIApplicationSupportsIndirectInputEvents = YES;
				INFOPLIST_KEY_UILaunchScreen_Generation = YES;
				INFOPLIST_KEY_UISupportedInterfaceOrientations_iPad = "UIInterfaceOrientationPortrait UIInterfaceOrientationPortraitUpsideDown UIInterfaceOrientationLandscapeLeft UIInterfaceOrientationLandscapeRight";
				INFOPLIST_KEY_UISupportedInterfaceOrientations_iPhone = "UIInterfaceOrientationPortrait UIInterfaceOrientationLandscapeLeft UIInterfaceOrientationLandscapeRight";
				LD_RUNPATH_SEARCH_PATHS = (
					"$(inherited)",
					"@executable_path/Frameworks",
				);
				MARKETING_VERSION = 1.0;
				PRODUCT_BUNDLE_IDENTIFIER = DUC.DictionaryApp;
				PRODUCT_NAME = "$(TARGET_NAME)";
				SWIFT_EMIT_LOC_STRINGS = YES;
				SWIFT_VERSION = 5.0;
				TARGETED_DEVICE_FAMILY = "1,2";
			};
			name = Release;
		};
		82494BF32A9C6BB600EF6602 /* Debug */ = {
			isa = XCBuildConfiguration;
			buildSettings = {
				ALWAYS_EMBED_SWIFT_STANDARD_LIBRARIES = YES;
				BUNDLE_LOADER = "$(TEST_HOST)";
				CODE_SIGN_STYLE = Automatic;
				CURRENT_PROJECT_VERSION = 1;
				GENERATE_INFOPLIST_FILE = YES;
				IPHONEOS_DEPLOYMENT_TARGET = 16.4;
				MARKETING_VERSION = 1.0;
				PRODUCT_BUNDLE_IDENTIFIER = DUC.DictionaryAppTests;
				PRODUCT_NAME = "$(TARGET_NAME)";
				SWIFT_EMIT_LOC_STRINGS = NO;
				SWIFT_VERSION = 5.0;
				TARGETED_DEVICE_FAMILY = "1,2";
				TEST_HOST = "$(BUILT_PRODUCTS_DIR)/DictionaryApp.app/$(BUNDLE_EXECUTABLE_FOLDER_PATH)/DictionaryApp";
			};
			name = Debug;
		};
		82494BF42A9C6BB600EF6602 /* Release */ = {
			isa = XCBuildConfiguration;
			buildSettings = {
				ALWAYS_EMBED_SWIFT_STANDARD_LIBRARIES = YES;
				BUNDLE_LOADER = "$(TEST_HOST)";
				CODE_SIGN_STYLE = Automatic;
				CURRENT_PROJECT_VERSION = 1;
				GENERATE_INFOPLIST_FILE = YES;
				IPHONEOS_DEPLOYMENT_TARGET = 16.4;
				MARKETING_VERSION = 1.0;
				PRODUCT_BUNDLE_IDENTIFIER = DUC.DictionaryAppTests;
				PRODUCT_NAME = "$(TARGET_NAME)";
				SWIFT_EMIT_LOC_STRINGS = NO;
				SWIFT_VERSION = 5.0;
				TARGETED_DEVICE_FAMILY = "1,2";
				TEST_HOST = "$(BUILT_PRODUCTS_DIR)/DictionaryApp.app/$(BUNDLE_EXECUTABLE_FOLDER_PATH)/DictionaryApp";
			};
			name = Release;
		};
		82494BF62A9C6BB600EF6602 /* Debug */ = {
			isa = XCBuildConfiguration;
			buildSettings = {
				ALWAYS_EMBED_SWIFT_STANDARD_LIBRARIES = YES;
				CODE_SIGN_STYLE = Automatic;
				CURRENT_PROJECT_VERSION = 1;
				GENERATE_INFOPLIST_FILE = YES;
				MARKETING_VERSION = 1.0;
				PRODUCT_BUNDLE_IDENTIFIER = DUC.DictionaryAppUITests;
				PRODUCT_NAME = "$(TARGET_NAME)";
				SWIFT_EMIT_LOC_STRINGS = NO;
				SWIFT_VERSION = 5.0;
				TARGETED_DEVICE_FAMILY = "1,2";
				TEST_TARGET_NAME = DictionaryApp;
			};
			name = Debug;
		};
		82494BF72A9C6BB600EF6602 /* Release */ = {
			isa = XCBuildConfiguration;
			buildSettings = {
				ALWAYS_EMBED_SWIFT_STANDARD_LIBRARIES = YES;
				CODE_SIGN_STYLE = Automatic;
				CURRENT_PROJECT_VERSION = 1;
				GENERATE_INFOPLIST_FILE = YES;
				MARKETING_VERSION = 1.0;
				PRODUCT_BUNDLE_IDENTIFIER = DUC.DictionaryAppUITests;
				PRODUCT_NAME = "$(TARGET_NAME)";
				SWIFT_EMIT_LOC_STRINGS = NO;
				SWIFT_VERSION = 5.0;
				TARGETED_DEVICE_FAMILY = "1,2";
				TEST_TARGET_NAME = DictionaryApp;
			};
			name = Release;
		};
/* End XCBuildConfiguration section */

/* Begin XCConfigurationList section */
		82494BC62A9C6BB300EF6602 /* Build configuration list for PBXProject "DictionaryApp" */ = {
			isa = XCConfigurationList;
			buildConfigurations = (
				82494BED2A9C6BB600EF6602 /* Debug */,
				82494BEE2A9C6BB600EF6602 /* Release */,
			);
			defaultConfigurationIsVisible = 0;
			defaultConfigurationName = Release;
		};
		82494BEF2A9C6BB600EF6602 /* Build configuration list for PBXNativeTarget "DictionaryApp" */ = {
			isa = XCConfigurationList;
			buildConfigurations = (
				82494BF02A9C6BB600EF6602 /* Debug */,
				82494BF12A9C6BB600EF6602 /* Release */,
			);
			defaultConfigurationIsVisible = 0;
			defaultConfigurationName = Release;
		};
		82494BF22A9C6BB600EF6602 /* Build configuration list for PBXNativeTarget "DictionaryAppTests" */ = {
			isa = XCConfigurationList;
			buildConfigurations = (
				82494BF32A9C6BB600EF6602 /* Debug */,
				82494BF42A9C6BB600EF6602 /* Release */,
			);
			defaultConfigurationIsVisible = 0;
			defaultConfigurationName = Release;
		};
		82494BF52A9C6BB600EF6602 /* Build configuration list for PBXNativeTarget "DictionaryAppUITests" */ = {
			isa = XCConfigurationList;
			buildConfigurations = (
				82494BF62A9C6BB600EF6602 /* Debug */,
				82494BF72A9C6BB600EF6602 /* Release */,
			);
			defaultConfigurationIsVisible = 0;
			defaultConfigurationName = Release;
		};
/* End XCConfigurationList section */
	};
	rootObject = 82494BC32A9C6BB300EF6602 /* Project object */;
}
